
Microsoft Visual Studio Solution File, Format Version 12.00
# Visual Studio Version 17
VisualStudioVersion = 17.2.32616.157
MinimumVisualStudioVersion = 10.0.40219.1
Project("{888888A0-9F3D-457C-B088-3A5042F75D52}") = "PythonProj1", "PythonProj1\PythonProj1.pyproj", "{D1532A94-A173-407F-A80E-E5FE5D86AB3A}"
EndProject
Project("{888888A0-9F3D-457C-B088-3A5042F75D52}") = "PythonProj2", "PythonProj2\PythonProj2.pyproj", "{9E69767E-93EF-44F5-A9B4-325347CFCB3F}"
EndProject
Project("{888888A0-9F3D-457C-B088-3A5042F75D52}") = "PythonProj3", "PythonProj3\PythonProj3.pyproj", "{F9E728A0-DB55-4D19-8E44-A0C09C1CB20B}"
EndProject
Project("{888888A0-9F3D-457C-B088-3A5042F75D52}") = "PythonProj4", "PythonProj4\PythonProj4.pyproj", "{BB3ED0D5-E32B-45C7-AE23-4F8A7F1107EB}"
EndProject
Project("{888888A0-9F3D-457C-B088-3A5042F75D52}") = "NeuralNets", "NeuralNets\NeuralNets.pyproj", "{35045802-659A-4368-AE1E-0BBCE1F1A1C5}"
EndProject
Global
	GlobalSection(SolutionConfigurationPlatforms) = preSolution
		Debug|Any CPU = Debug|Any CPU
		Release|Any CPU = Release|Any CPU
	EndGlobalSection
	GlobalSection(ProjectConfigurationPlatforms) = postSolution
		{D1532A94-A173-407F-A80E-E5FE5D86AB3A}.Debug|Any CPU.ActiveCfg = Debug|Any CPU
		{D1532A94-A173-407F-A80E-E5FE5D86AB3A}.Release|Any CPU.ActiveCfg = Release|Any CPU
		{9E69767E-93EF-44F5-A9B4-325347CFCB3F}.Debug|Any CPU.ActiveCfg = Debug|Any CPU
		{9E69767E-93EF-44F5-A9B4-325347CFCB3F}.Release|Any CPU.ActiveCfg = Release|Any CPU
		{F9E728A0-DB55-4D19-8E44-A0C09C1CB20B}.Debug|Any CPU.ActiveCfg = Debug|Any CPU
		{F9E728A0-DB55-4D19-8E44-A0C09C1CB20B}.Release|Any CPU.ActiveCfg = Release|Any CPU
		{BB3ED0D5-E32B-45C7-AE23-4F8A7F1107EB}.Debug|Any CPU.ActiveCfg = Debug|Any CPU
		{BB3ED0D5-E32B-45C7-AE23-4F8A7F1107EB}.Release|Any CPU.ActiveCfg = Release|Any CPU
		{35045802-659A-4368-AE1E-0BBCE1F1A1C5}.Debug|Any CPU.ActiveCfg = Debug|Any CPU
		{35045802-659A-4368-AE1E-0BBCE1F1A1C5}.Release|Any CPU.ActiveCfg = Release|Any CPU
	EndGlobalSection
	GlobalSection(SolutionProperties) = preSolution
		HideSolutionNode = FALSE
	EndGlobalSection
	GlobalSection(ExtensibilityGlobals) = postSolution
		SolutionGuid = {2CED8D8D-A0CB-4075-A886-1726AFF38036}
	EndGlobalSection
EndGlobal
